PODS:
  - Alamofire (4.5.1)
  - IBAnimatable (4.1.0)
  - Kingfisher (3.10.4)
  - LeanCloud (10.1.0):
    - LeanCloud/Storage (= 10.1.0)
  - LeanCloud/Storage (10.1.0):
    - Alamofire (~> 4.5)
  - MJRefresh (3.1.14)
  - Moya (8.0.5):
    - Moya/Core (= 8.0.5)
  - Moya/Core (8.0.5):
    - Alamofire (~> 4.1)
    - Result (~> 3.0)
  - NVActivityIndicatorView (3.7.0):
    - NVActivityIndicatorView/Presenter (= 3.7.0)
  - NVActivityIndicatorView/Presenter (3.7.0)
  - RAMAnimatedTabBarController (3.0.1)
  - Result (3.2.4)
  - SnapKit (3.2.0)
  - SwiftyJSON (3.1.4)

DEPENDENCIES:
  - IBAnimatable (~> 4.1.0)
  - Kingfisher (~> 3.10.3)
  - LeanCloud (~> 10.1.0)
  - MJRefresh (~> 3.1.14)
  - Moya (~> 8.0.5)
  - NVActivityIndicatorView (~> 3.7.0)
  - RAMAnimatedTabBarController (~> 3.0.1)
  - SnapKit (~> 3.2.0)
  - SwiftyJSON (~> 3.1.4)

SPEC CHECKSUMS:
  Alamofire: 2d95912bf4c34f164fdfc335872e8c312acaea4a
  IBAnimatable: 0fd2c9fd38c4798d71bcc18dbd87d473a7df2577
  Kingfisher: dc3a4983e86d2dfa89513664983a82340c11a289
  LeanCloud: 2a6ac9da4fcf4b6b26f519d05a31998ddc59223a
  MJRefresh: 6642e35b3227a5447b9fd5e17c552c90196c9859
  Moya: c37eec09a098ba9991b5a963b291fc5704bdb9ef
  NVActivityIndicatorView: d3738df7e2e476aca0ba6bf32a8c9fbcfc33d64b
  RAMAnimatedTabBarController: 78bafa7a1c1b162f0d4a86a936c0d1ee4a06ffcc
  Result: d2d07204ce72856f1fd9130bbe42c35a7b0fea10
  SnapKit: 1ca44df72cfa543218d177cb8aab029d10d86ea7
  SwiftyJSON: c2842d878f95482ffceec5709abc3d05680c0220

PODFILE CHECKSUM: 2b9486940e62b6f2ecbc81a4fd6a63d5fe53dba9

COCOAPODS: 1.2.1.beta.1
