PODS:
  - Alamofire (4.5.0)
  - IBAnimatable (4.1.0)
  - Moya (8.0.5):
    - Moya/Core (= 8.0.5)
  - Moya/Core (8.0.5):
    - Alamofire (~> 4.1)
    - Result (~> 3.0)
  - NVActivityIndicatorView (3.7.0):
    - NVActivityIndicatorView/Presenter (= 3.7.0)
  - NVActivityIndicatorView/Presenter (3.7.0)
  - Result (3.2.3)
  - SnapKit (3.2.0)

DEPENDENCIES:
  - IBAnimatable (~> 4.1.0)
  - Moya (~> 8.0.5)
  - NVActivityIndicatorView (~> 3.7.0)
  - SnapKit (~> 3.2.0)

SPEC CHECKSUMS:
  Alamofire: f28cdffd29de33a7bfa022cbd63ae95a27fae140
  IBAnimatable: 0fd2c9fd38c4798d71bcc18dbd87d473a7df2577
  Moya: c37eec09a098ba9991b5a963b291fc5704bdb9ef
  NVActivityIndicatorView: d3738df7e2e476aca0ba6bf32a8c9fbcfc33d64b
  Result: 128640a6347e8d2ae48b142556739a2d13f90ce6
  SnapKit: 1ca44df72cfa543218d177cb8aab029d10d86ea7

PODFILE CHECKSUM: 67fb15da6b7709b3e9d5494b6705c641b14a89aa

COCOAPODS: 1.2.1.beta.1
