// !$*UTF8*$!
{
	archiveVersion = 1;
	classes = {
	};
	objectVersion = 46;
	objects = {

/* Begin PBXBuildFile section */
		18F9874D1DE41E500043EDD8 /* Assets.xcassets in Resources */ = {isa = PBXBuildFile; fileRef = 18F9874C1DE41E500043EDD8 /* Assets.xcassets */; };
		18F987501DE41E500043EDD8 /* LaunchScreen.storyboard in Resources */ = {isa = PBXBuildFile; fileRef = 18F9874E1DE41E500043EDD8 /* LaunchScreen.storyboard */; };
		DD48F4DA4DD25F4D99618DC3 /* Pods_ZJBTestOne.framework in Frameworks */ = {isa = PBXBuildFile; fileRef = 9A3B06BDA03F4C9F65C318E9 /* Pods_ZJBTestOne.framework */; };
		F328CBEE1F4A8C1000A1D632 /* AuthenMainViewController.swift in Sources */ = {isa = PBXBuildFile; fileRef = F328CBED1F4A8C1000A1D632 /* AuthenMainViewController.swift */; };
		F328CBF01F4A8FDF00A1D632 /* BaseNavigtionController.swift in Sources */ = {isa = PBXBuildFile; fileRef = F328CBEF1F4A8FDF00A1D632 /* BaseNavigtionController.swift */; };
		F328CBF21F4AC86500A1D632 /* MeMainView.swift in Sources */ = {isa = PBXBuildFile; fileRef = F328CBF11F4AC86500A1D632 /* MeMainView.swift */; };
		F328CBF51F4ADE7000A1D632 /* XNHelper.swift in Sources */ = {isa = PBXBuildFile; fileRef = F328CBF41F4ADE7000A1D632 /* XNHelper.swift */; };
		F328CBF71F4AEF7A00A1D632 /* MeMainCell.swift in Sources */ = {isa = PBXBuildFile; fileRef = F328CBF61F4AEF7A00A1D632 /* MeMainCell.swift */; };
		F36983911F42EE1600780DAB /* AppDelegate.swift in Sources */ = {isa = PBXBuildFile; fileRef = F369838F1F42EE1600780DAB /* AppDelegate.swift */; };
		F36983931F42EE3D00780DAB /* BaseViewController.swift in Sources */ = {isa = PBXBuildFile; fileRef = F36983921F42EE3D00780DAB /* BaseViewController.swift */; };
		F36983951F42EE6900780DAB /* BaseTabBarController.swift in Sources */ = {isa = PBXBuildFile; fileRef = F36983941F42EE6900780DAB /* BaseTabBarController.swift */; };
		F36983BA1F43317900780DAB /* QuotaMainViewController.swift in Sources */ = {isa = PBXBuildFile; fileRef = F36983B91F43317900780DAB /* QuotaMainViewController.swift */; };
		F36983BE1F4331C000780DAB /* MeMainViewController.swift in Sources */ = {isa = PBXBuildFile; fileRef = F36983BD1F4331C000780DAB /* MeMainViewController.swift */; };
		F36983C01F4331F900780DAB /* LoanMainViewController.swift in Sources */ = {isa = PBXBuildFile; fileRef = F36983BF1F4331F900780DAB /* LoanMainViewController.swift */; };
		F36983C21F459BB900780DAB /* ActivityMainViewController.swift in Sources */ = {isa = PBXBuildFile; fileRef = F36983C11F459BB900780DAB /* ActivityMainViewController.swift */; };
		F36983C81F459F6400780DAB /* BaseCategory.swift in Sources */ = {isa = PBXBuildFile; fileRef = F36983C71F459F6400780DAB /* BaseCategory.swift */; };
		F36983CB1F46BF6500780DAB /* XNGradientButton.swift in Sources */ = {isa = PBXBuildFile; fileRef = F36983CA1F46BF6500780DAB /* XNGradientButton.swift */; };
		F36983CE1F46C3A600780DAB /* XNGradientView.swift in Sources */ = {isa = PBXBuildFile; fileRef = F36983CD1F46C3A600780DAB /* XNGradientView.swift */; };
/* End PBXBuildFile section */

/* Begin PBXFileReference section */
		18F987421DE41E500043EDD8 /* ZJBTestOne.app */ = {isa = PBXFileReference; explicitFileType = wrapper.application; includeInIndex = 0; path = ZJBTestOne.app; sourceTree = BUILT_PRODUCTS_DIR; };
		18F9874C1DE41E500043EDD8 /* Assets.xcassets */ = {isa = PBXFileReference; lastKnownFileType = folder.assetcatalog; name = Assets.xcassets; path = ../Assets.xcassets; sourceTree = "<group>"; };
		18F9874F1DE41E500043EDD8 /* Base */ = {isa = PBXFileReference; lastKnownFileType = file.storyboard; name = Base; path = Base.lproj/LaunchScreen.storyboard; sourceTree = "<group>"; };
		18F987511DE41E500043EDD8 /* Info.plist */ = {isa = PBXFileReference; lastKnownFileType = text.plist.xml; name = Info.plist; path = ../Info.plist; sourceTree = "<group>"; };
		55F46CFF9AC325180EF820C8 /* Pods-ZJBTestOne.debug.xcconfig */ = {isa = PBXFileReference; includeInIndex = 1; lastKnownFileType = text.xcconfig; name = "Pods-ZJBTestOne.debug.xcconfig"; path = "Pods/Target Support Files/Pods-ZJBTestOne/Pods-ZJBTestOne.debug.xcconfig"; sourceTree = "<group>"; };
		6C0C58AFFAE0D6FB2A3D3424 /* Pods-ZJBTestOne.release.xcconfig */ = {isa = PBXFileReference; includeInIndex = 1; lastKnownFileType = text.xcconfig; name = "Pods-ZJBTestOne.release.xcconfig"; path = "Pods/Target Support Files/Pods-ZJBTestOne/Pods-ZJBTestOne.release.xcconfig"; sourceTree = "<group>"; };
		9A3B06BDA03F4C9F65C318E9 /* Pods_ZJBTestOne.framework */ = {isa = PBXFileReference; explicitFileType = wrapper.framework; includeInIndex = 0; path = Pods_ZJBTestOne.framework; sourceTree = BUILT_PRODUCTS_DIR; };
		F328CBED1F4A8C1000A1D632 /* AuthenMainViewController.swift */ = {isa = PBXFileReference; fileEncoding = 4; lastKnownFileType = sourcecode.swift; path = AuthenMainViewController.swift; sourceTree = "<group>"; };
		F328CBEF1F4A8FDF00A1D632 /* BaseNavigtionController.swift */ = {isa = PBXFileReference; fileEncoding = 4; lastKnownFileType = sourcecode.swift; path = BaseNavigtionController.swift; sourceTree = "<group>"; };
		F328CBF11F4AC86500A1D632 /* MeMainView.swift */ = {isa = PBXFileReference; fileEncoding = 4; lastKnownFileType = sourcecode.swift; path = MeMainView.swift; sourceTree = "<group>"; };
		F328CBF41F4ADE7000A1D632 /* XNHelper.swift */ = {isa = PBXFileReference; fileEncoding = 4; lastKnownFileType = sourcecode.swift; path = XNHelper.swift; sourceTree = "<group>"; };
		F328CBF61F4AEF7A00A1D632 /* MeMainCell.swift */ = {isa = PBXFileReference; fileEncoding = 4; lastKnownFileType = sourcecode.swift; path = MeMainCell.swift; sourceTree = "<group>"; };
		F369838F1F42EE1600780DAB /* AppDelegate.swift */ = {isa = PBXFileReference; fileEncoding = 4; lastKnownFileType = sourcecode.swift; path = AppDelegate.swift; sourceTree = "<group>"; };
		F36983921F42EE3D00780DAB /* BaseViewController.swift */ = {isa = PBXFileReference; fileEncoding = 4; lastKnownFileType = sourcecode.swift; path = BaseViewController.swift; sourceTree = "<group>"; };
		F36983941F42EE6900780DAB /* BaseTabBarController.swift */ = {isa = PBXFileReference; fileEncoding = 4; lastKnownFileType = sourcecode.swift; path = BaseTabBarController.swift; sourceTree = "<group>"; };
		F36983B91F43317900780DAB /* QuotaMainViewController.swift */ = {isa = PBXFileReference; fileEncoding = 4; lastKnownFileType = sourcecode.swift; path = QuotaMainViewController.swift; sourceTree = "<group>"; };
		F36983BD1F4331C000780DAB /* MeMainViewController.swift */ = {isa = PBXFileReference; fileEncoding = 4; lastKnownFileType = sourcecode.swift; path = MeMainViewController.swift; sourceTree = "<group>"; };
		F36983BF1F4331F900780DAB /* LoanMainViewController.swift */ = {isa = PBXFileReference; fileEncoding = 4; lastKnownFileType = sourcecode.swift; path = LoanMainViewController.swift; sourceTree = "<group>"; };
		F36983C11F459BB900780DAB /* ActivityMainViewController.swift */ = {isa = PBXFileReference; fileEncoding = 4; lastKnownFileType = sourcecode.swift; path = ActivityMainViewController.swift; sourceTree = "<group>"; };
		F36983C71F459F6400780DAB /* BaseCategory.swift */ = {isa = PBXFileReference; fileEncoding = 4; lastKnownFileType = sourcecode.swift; path = BaseCategory.swift; sourceTree = "<group>"; };
		F36983CA1F46BF6500780DAB /* XNGradientButton.swift */ = {isa = PBXFileReference; fileEncoding = 4; lastKnownFileType = sourcecode.swift; path = XNGradientButton.swift; sourceTree = "<group>"; };
		F36983CD1F46C3A600780DAB /* XNGradientView.swift */ = {isa = PBXFileReference; fileEncoding = 4; lastKnownFileType = sourcecode.swift; path = XNGradientView.swift; sourceTree = "<group>"; };
/* End PBXFileReference section */

/* Begin PBXFrameworksBuildPhase section */
		18F9873F1DE41E500043EDD8 /* Frameworks */ = {
			isa = PBXFrameworksBuildPhase;
			buildActionMask = 2147483647;
			files = (
				DD48F4DA4DD25F4D99618DC3 /* Pods_ZJBTestOne.framework in Frameworks */,
			);
			runOnlyForDeploymentPostprocessing = 0;
		};
/* End PBXFrameworksBuildPhase section */

/* Begin PBXGroup section */
		18F987391DE41E500043EDD8 = {
			isa = PBXGroup;
			children = (
				18F987441DE41E500043EDD8 /* ZJBTestOne */,
				18F987431DE41E500043EDD8 /* Products */,
				B7C0F84ECBE2594FF8EB8E82 /* Pods */,
				3E5E49D207022A56502A5B74 /* Frameworks */,
			);
			sourceTree = "<group>";
		};
		18F987431DE41E500043EDD8 /* Products */ = {
			isa = PBXGroup;
			children = (
				18F987421DE41E500043EDD8 /* ZJBTestOne.app */,
			);
			name = Products;
			sourceTree = "<group>";
		};
		18F987441DE41E500043EDD8 /* ZJBTestOne */ = {
			isa = PBXGroup;
			children = (
				F36983811F418FF000780DAB /* Function */,
				F36983841F418FF000780DAB /* Main */,
				F36983C31F459CE800780DAB /* Category */,
				F36983C41F459CE800780DAB /* PublicUI */,
				F36983861F418FF000780DAB /* Support */,
			);
			path = ZJBTestOne;
			sourceTree = "<group>";
		};
		3E5E49D207022A56502A5B74 /* Frameworks */ = {
			isa = PBXGroup;
			children = (
				9A3B06BDA03F4C9F65C318E9 /* Pods_ZJBTestOne.framework */,
			);
			name = Frameworks;
			sourceTree = "<group>";
		};
		B7C0F84ECBE2594FF8EB8E82 /* Pods */ = {
			isa = PBXGroup;
			children = (
				55F46CFF9AC325180EF820C8 /* Pods-ZJBTestOne.debug.xcconfig */,
				6C0C58AFFAE0D6FB2A3D3424 /* Pods-ZJBTestOne.release.xcconfig */,
			);
			name = Pods;
			sourceTree = "<group>";
		};
		F328CBE61F4A8B7F00A1D632 /* AuthenPage */ = {
			isa = PBXGroup;
			children = (
				F328CBE71F4A8BB300A1D632 /* Controller */,
				F328CBE81F4A8BB300A1D632 /* Model */,
				F328CBE91F4A8BB300A1D632 /* Presenter */,
				F328CBEA1F4A8BB300A1D632 /* View */,
			);
			path = AuthenPage;
			sourceTree = "<group>";
		};
		F328CBE71F4A8BB300A1D632 /* Controller */ = {
			isa = PBXGroup;
			children = (
				F328CBED1F4A8C1000A1D632 /* AuthenMainViewController.swift */,
			);
			path = Controller;
			sourceTree = "<group>";
		};
		F328CBE81F4A8BB300A1D632 /* Model */ = {
			isa = PBXGroup;
			children = (
			);
			path = Model;
			sourceTree = "<group>";
		};
		F328CBE91F4A8BB300A1D632 /* Presenter */ = {
			isa = PBXGroup;
			children = (
			);
			path = Presenter;
			sourceTree = "<group>";
		};
		F328CBEA1F4A8BB300A1D632 /* View */ = {
			isa = PBXGroup;
			children = (
			);
			path = View;
			sourceTree = "<group>";
		};
		F328CBF31F4ADE5000A1D632 /* Helper */ = {
			isa = PBXGroup;
			children = (
				F328CBF41F4ADE7000A1D632 /* XNHelper.swift */,
			);
			path = Helper;
			sourceTree = "<group>";
		};
		F36983811F418FF000780DAB /* Function */ = {
			isa = PBXGroup;
			children = (
				F328CBE61F4A8B7F00A1D632 /* AuthenPage */,
				F369839F1F4330B500780DAB /* LoanPage */,
				F36983B41F43310A00780DAB /* QuotaPage */,
				F36983AA1F43310A00780DAB /* ActivePage */,
				F36983AF1F43310A00780DAB /* MePage */,
			);
			path = Function;
			sourceTree = "<group>";
		};
		F36983841F418FF000780DAB /* Main */ = {
			isa = PBXGroup;
			children = (
				F328CBF31F4ADE5000A1D632 /* Helper */,
				F369838E1F42EE1600780DAB /* AppDelegate */,
				F36983901F42EE1600780DAB /* BaseClass */,
			);
			path = Main;
			sourceTree = "<group>";
		};
		F36983861F418FF000780DAB /* Support */ = {
			isa = PBXGroup;
			children = (
				18F9874C1DE41E500043EDD8 /* Assets.xcassets */,
				18F9874E1DE41E500043EDD8 /* LaunchScreen.storyboard */,
				18F987511DE41E500043EDD8 /* Info.plist */,
			);
			path = Support;
			sourceTree = "<group>";
		};
		F369838E1F42EE1600780DAB /* AppDelegate */ = {
			isa = PBXGroup;
			children = (
				F369838F1F42EE1600780DAB /* AppDelegate.swift */,
			);
			path = AppDelegate;
			sourceTree = "<group>";
		};
		F36983901F42EE1600780DAB /* BaseClass */ = {
			isa = PBXGroup;
			children = (
				F36983921F42EE3D00780DAB /* BaseViewController.swift */,
				F36983941F42EE6900780DAB /* BaseTabBarController.swift */,
				F328CBEF1F4A8FDF00A1D632 /* BaseNavigtionController.swift */,
			);
			path = BaseClass;
			sourceTree = "<group>";
		};
		F369839F1F4330B500780DAB /* LoanPage */ = {
			isa = PBXGroup;
			children = (
				F36983A01F4330B500780DAB /* Controller */,
				F36983A31F4330B500780DAB /* Model */,
				F36983A41F4330B500780DAB /* Presenter */,
				F36983A51F4330B500780DAB /* View */,
			);
			path = LoanPage;
			sourceTree = "<group>";
		};
		F36983A01F4330B500780DAB /* Controller */ = {
			isa = PBXGroup;
			children = (
				F36983BF1F4331F900780DAB /* LoanMainViewController.swift */,
			);
			path = Controller;
			sourceTree = "<group>";
		};
		F36983A31F4330B500780DAB /* Model */ = {
			isa = PBXGroup;
			children = (
			);
			path = Model;
			sourceTree = "<group>";
		};
		F36983A41F4330B500780DAB /* Presenter */ = {
			isa = PBXGroup;
			children = (
			);
			path = Presenter;
			sourceTree = "<group>";
		};
		F36983A51F4330B500780DAB /* View */ = {
			isa = PBXGroup;
			children = (
			);
			path = View;
			sourceTree = "<group>";
		};
		F36983AA1F43310A00780DAB /* ActivePage */ = {
			isa = PBXGroup;
			children = (
				F36983AB1F43310A00780DAB /* Controller */,
				F36983AC1F43310A00780DAB /* Model */,
				F36983AD1F43310A00780DAB /* Presenter */,
				F36983AE1F43310A00780DAB /* View */,
			);
			path = ActivePage;
			sourceTree = "<group>";
		};
		F36983AB1F43310A00780DAB /* Controller */ = {
			isa = PBXGroup;
			children = (
				F36983C11F459BB900780DAB /* ActivityMainViewController.swift */,
			);
			path = Controller;
			sourceTree = "<group>";
		};
		F36983AC1F43310A00780DAB /* Model */ = {
			isa = PBXGroup;
			children = (
			);
			path = Model;
			sourceTree = "<group>";
		};
		F36983AD1F43310A00780DAB /* Presenter */ = {
			isa = PBXGroup;
			children = (
			);
			path = Presenter;
			sourceTree = "<group>";
		};
		F36983AE1F43310A00780DAB /* View */ = {
			isa = PBXGroup;
			children = (
			);
			path = View;
			sourceTree = "<group>";
		};
		F36983AF1F43310A00780DAB /* MePage */ = {
			isa = PBXGroup;
			children = (
				F36983B01F43310A00780DAB /* Controller */,
				F36983B11F43310A00780DAB /* Model */,
				F36983B21F43310A00780DAB /* Presenter */,
				F36983B31F43310A00780DAB /* View */,
			);
			path = MePage;
			sourceTree = "<group>";
		};
		F36983B01F43310A00780DAB /* Controller */ = {
			isa = PBXGroup;
			children = (
				F36983BD1F4331C000780DAB /* MeMainViewController.swift */,
			);
			path = Controller;
			sourceTree = "<group>";
		};
		F36983B11F43310A00780DAB /* Model */ = {
			isa = PBXGroup;
			children = (
			);
			path = Model;
			sourceTree = "<group>";
		};
		F36983B21F43310A00780DAB /* Presenter */ = {
			isa = PBXGroup;
			children = (
			);
			path = Presenter;
			sourceTree = "<group>";
		};
		F36983B31F43310A00780DAB /* View */ = {
			isa = PBXGroup;
			children = (
				F328CBF11F4AC86500A1D632 /* MeMainView.swift */,
				F328CBF61F4AEF7A00A1D632 /* MeMainCell.swift */,
			);
			path = View;
			sourceTree = "<group>";
		};
		F36983B41F43310A00780DAB /* QuotaPage */ = {
			isa = PBXGroup;
			children = (
				F36983B51F43310A00780DAB /* Controller */,
				F36983B61F43310A00780DAB /* Model */,
				F36983B71F43310A00780DAB /* Presenter */,
				F36983B81F43310A00780DAB /* View */,
			);
			path = QuotaPage;
			sourceTree = "<group>";
		};
		F36983B51F43310A00780DAB /* Controller */ = {
			isa = PBXGroup;
			children = (
				F36983B91F43317900780DAB /* QuotaMainViewController.swift */,
			);
			path = Controller;
			sourceTree = "<group>";
		};
		F36983B61F43310A00780DAB /* Model */ = {
			isa = PBXGroup;
			children = (
			);
			path = Model;
			sourceTree = "<group>";
		};
		F36983B71F43310A00780DAB /* Presenter */ = {
			isa = PBXGroup;
			children = (
			);
			path = Presenter;
			sourceTree = "<group>";
		};
		F36983B81F43310A00780DAB /* View */ = {
			isa = PBXGroup;
			children = (
			);
			path = View;
			sourceTree = "<group>";
		};
		F36983C31F459CE800780DAB /* Category */ = {
			isa = PBXGroup;
			children = (
				F36983C71F459F6400780DAB /* BaseCategory.swift */,
			);
			path = Category;
			sourceTree = "<group>";
		};
		F36983C41F459CE800780DAB /* PublicUI */ = {
			isa = PBXGroup;
			children = (
				F36983CC1F46C38600780DAB /* View */,
				F36983C91F46BEFF00780DAB /* Button */,
			);
			path = PublicUI;
			sourceTree = "<group>";
		};
		F36983C91F46BEFF00780DAB /* Button */ = {
			isa = PBXGroup;
			children = (
				F36983CA1F46BF6500780DAB /* XNGradientButton.swift */,
			);
			path = Button;
			sourceTree = "<group>";
		};
		F36983CC1F46C38600780DAB /* View */ = {
			isa = PBXGroup;
			children = (
				F36983CD1F46C3A600780DAB /* XNGradientView.swift */,
			);
			path = View;
			sourceTree = "<group>";
		};
/* End PBXGroup section */

/* Begin PBXNativeTarget section */
		18F987411DE41E500043EDD8 /* ZJBTestOne */ = {
			isa = PBXNativeTarget;
			buildConfigurationList = 18F987541DE41E500043EDD8 /* Build configuration list for PBXNativeTarget "ZJBTestOne" */;
			buildPhases = (
				DFD1164FB60BD7B235BFFB14 /* [CP] Check Pods Manifest.lock */,
				18F9873E1DE41E500043EDD8 /* Sources */,
				18F9873F1DE41E500043EDD8 /* Frameworks */,
				18F987401DE41E500043EDD8 /* Resources */,
				BC38F2772EBAB6F1A14F2809 /* [CP] Embed Pods Frameworks */,
				048EDD5D403EBB11D023AC7D /* [CP] Copy Pods Resources */,
			);
			buildRules = (
			);
			dependencies = (
			);
			name = ZJBTestOne;
			productName = ZJBTestOne;
			productReference = 18F987421DE41E500043EDD8 /* ZJBTestOne.app */;
			productType = "com.apple.product-type.application";
		};
/* End PBXNativeTarget section */

/* Begin PBXProject section */
		18F9873A1DE41E500043EDD8 /* Project object */ = {
			isa = PBXProject;
			attributes = {
				LastSwiftUpdateCheck = 0810;
				LastUpgradeCheck = 0810;
				ORGANIZATIONNAME = zjb;
				TargetAttributes = {
					18F987411DE41E500043EDD8 = {
						CreatedOnToolsVersion = 8.1;
						ProvisioningStyle = Automatic;
					};
				};
			};
			buildConfigurationList = 18F9873D1DE41E500043EDD8 /* Build configuration list for PBXProject "ZJBTestOne" */;
			compatibilityVersion = "Xcode 3.2";
			developmentRegion = English;
			hasScannedForEncodings = 0;
			knownRegions = (
				en,
				Base,
			);
			mainGroup = 18F987391DE41E500043EDD8;
			productRefGroup = 18F987431DE41E500043EDD8 /* Products */;
			projectDirPath = "";
			projectRoot = "";
			targets = (
				18F987411DE41E500043EDD8 /* ZJBTestOne */,
			);
		};
/* End PBXProject section */

/* Begin PBXResourcesBuildPhase section */
		18F987401DE41E500043EDD8 /* Resources */ = {
			isa = PBXResourcesBuildPhase;
			buildActionMask = 2147483647;
			files = (
				18F987501DE41E500043EDD8 /* LaunchScreen.storyboard in Resources */,
				18F9874D1DE41E500043EDD8 /* Assets.xcassets in Resources */,
			);
			runOnlyForDeploymentPostprocessing = 0;
		};
/* End PBXResourcesBuildPhase section */

/* Begin PBXShellScriptBuildPhase section */
		048EDD5D403EBB11D023AC7D /* [CP] Copy Pods Resources */ = {
			isa = PBXShellScriptBuildPhase;
			buildActionMask = 2147483647;
			files = (
			);
			inputPaths = (
			);
			name = "[CP] Copy Pods Resources";
			outputPaths = (
			);
			runOnlyForDeploymentPostprocessing = 0;
			shellPath = /bin/sh;
			shellScript = "\"${SRCROOT}/Pods/Target Support Files/Pods-ZJBTestOne/Pods-ZJBTestOne-resources.sh\"\n";
			showEnvVarsInLog = 0;
		};
		BC38F2772EBAB6F1A14F2809 /* [CP] Embed Pods Frameworks */ = {
			isa = PBXShellScriptBuildPhase;
			buildActionMask = 2147483647;
			files = (
			);
			inputPaths = (
			);
			name = "[CP] Embed Pods Frameworks";
			outputPaths = (
			);
			runOnlyForDeploymentPostprocessing = 0;
			shellPath = /bin/sh;
			shellScript = "\"${SRCROOT}/Pods/Target Support Files/Pods-ZJBTestOne/Pods-ZJBTestOne-frameworks.sh\"\n";
			showEnvVarsInLog = 0;
		};
		DFD1164FB60BD7B235BFFB14 /* [CP] Check Pods Manifest.lock */ = {
			isa = PBXShellScriptBuildPhase;
			buildActionMask = 2147483647;
			files = (
			);
			inputPaths = (
			);
			name = "[CP] Check Pods Manifest.lock";
			outputPaths = (
			);
			runOnlyForDeploymentPostprocessing = 0;
			shellPath = /bin/sh;
			shellScript = "diff \"${PODS_PODFILE_DIR_PATH}/Podfile.lock\" \"${PODS_ROOT}/Manifest.lock\" > /dev/null\nif [ $? != 0 ] ; then\n    # print error to STDERR\n    echo \"error: The sandbox is not in sync with the Podfile.lock. Run 'pod install' or update your CocoaPods installation.\" >&2\n    exit 1\nfi\n";
			showEnvVarsInLog = 0;
		};
/* End PBXShellScriptBuildPhase section */

/* Begin PBXSourcesBuildPhase section */
		18F9873E1DE41E500043EDD8 /* Sources */ = {
			isa = PBXSourcesBuildPhase;
			buildActionMask = 2147483647;
			files = (
				F36983911F42EE1600780DAB /* AppDelegate.swift in Sources */,
				F36983BA1F43317900780DAB /* QuotaMainViewController.swift in Sources */,
				F36983C21F459BB900780DAB /* ActivityMainViewController.swift in Sources */,
				F328CBF51F4ADE7000A1D632 /* XNHelper.swift in Sources */,
				F36983C81F459F6400780DAB /* BaseCategory.swift in Sources */,
				F36983BE1F4331C000780DAB /* MeMainViewController.swift in Sources */,
				F328CBEE1F4A8C1000A1D632 /* AuthenMainViewController.swift in Sources */,
				F328CBF71F4AEF7A00A1D632 /* MeMainCell.swift in Sources */,
				F328CBF01F4A8FDF00A1D632 /* BaseNavigtionController.swift in Sources */,
				F36983931F42EE3D00780DAB /* BaseViewController.swift in Sources */,
				F328CBF21F4AC86500A1D632 /* MeMainView.swift in Sources */,
				F36983CB1F46BF6500780DAB /* XNGradientButton.swift in Sources */,
				F36983C01F4331F900780DAB /* LoanMainViewController.swift in Sources */,
				F36983CE1F46C3A600780DAB /* XNGradientView.swift in Sources */,
				F36983951F42EE6900780DAB /* BaseTabBarController.swift in Sources */,
			);
			runOnlyForDeploymentPostprocessing = 0;
		};
/* End PBXSourcesBuildPhase section */

/* Begin PBXVariantGroup section */
		18F9874E1DE41E500043EDD8 /* LaunchScreen.storyboard */ = {
			isa = PBXVariantGroup;
			children = (
				18F9874F1DE41E500043EDD8 /* Base */,
			);
			name = LaunchScreen.storyboard;
			path = ..;
			sourceTree = "<group>";
		};
/* End PBXVariantGroup section */

/* Begin XCBuildConfiguration section */
		18F987521DE41E500043EDD8 /* Debug */ = {
			isa = XCBuildConfiguration;
			buildSettings = {
				ALWAYS_SEARCH_USER_PATHS = NO;
				CLANG_ANALYZER_NONNULL = YES;
				CLANG_CXX_LANGUAGE_STANDARD = "gnu++0x";
				CLANG_CXX_LIBRARY = "libc++";
				CLANG_ENABLE_MODULES = YES;
				CLANG_ENABLE_OBJC_ARC = YES;
				CLANG_WARN_BOOL_CONVERSION = YES;
				CLANG_WARN_CONSTANT_CONVERSION = YES;
				CLANG_WARN_DIRECT_OBJC_ISA_USAGE = YES_ERROR;
				CLANG_WARN_DOCUMENTATION_COMMENTS = YES;
				CLANG_WARN_EMPTY_BODY = YES;
				CLANG_WARN_ENUM_CONVERSION = YES;
				CLANG_WARN_INFINITE_RECURSION = YES;
				CLANG_WARN_INT_CONVERSION = YES;
				CLANG_WARN_OBJC_ROOT_CLASS = YES_ERROR;
				CLANG_WARN_SUSPICIOUS_MOVES = YES;
				CLANG_WARN_UNREACHABLE_CODE = YES;
				CLANG_WARN__DUPLICATE_METHOD_MATCH = YES;
				"CODE_SIGN_IDENTITY[sdk=iphoneos*]" = "iPhone Developer";
				COPY_PHASE_STRIP = NO;
				DEBUG_INFORMATION_FORMAT = dwarf;
				ENABLE_STRICT_OBJC_MSGSEND = YES;
				ENABLE_TESTABILITY = YES;
				GCC_C_LANGUAGE_STANDARD = gnu99;
				GCC_DYNAMIC_NO_PIC = NO;
				GCC_NO_COMMON_BLOCKS = YES;
				GCC_OPTIMIZATION_LEVEL = 0;
				GCC_PREPROCESSOR_DEFINITIONS = (
					"DEBUG=1",
					"$(inherited)",
				);
				GCC_WARN_64_TO_32_BIT_CONVERSION = YES;
				GCC_WARN_ABOUT_RETURN_TYPE = YES_ERROR;
				GCC_WARN_UNDECLARED_SELECTOR = YES;
				GCC_WARN_UNINITIALIZED_AUTOS = YES_AGGRESSIVE;
				GCC_WARN_UNUSED_FUNCTION = YES;
				GCC_WARN_UNUSED_VARIABLE = YES;
				IPHONEOS_DEPLOYMENT_TARGET = 8.0;
				MTL_ENABLE_DEBUG_INFO = YES;
				ONLY_ACTIVE_ARCH = YES;
				SDKROOT = iphoneos;
				SWIFT_ACTIVE_COMPILATION_CONDITIONS = DEBUG;
				SWIFT_OPTIMIZATION_LEVEL = "-Onone";
			};
			name = Debug;
		};
		18F987531DE41E500043EDD8 /* Release */ = {
			isa = XCBuildConfiguration;
			buildSettings = {
				ALWAYS_SEARCH_USER_PATHS = NO;
				CLANG_ANALYZER_NONNULL = YES;
				CLANG_CXX_LANGUAGE_STANDARD = "gnu++0x";
				CLANG_CXX_LIBRARY = "libc++";
				CLANG_ENABLE_MODULES = YES;
				CLANG_ENABLE_OBJC_ARC = YES;
				CLANG_WARN_BOOL_CONVERSION = YES;
				CLANG_WARN_CONSTANT_CONVERSION = YES;
				CLANG_WARN_DIRECT_OBJC_ISA_USAGE = YES_ERROR;
				CLANG_WARN_DOCUMENTATION_COMMENTS = YES;
				CLANG_WARN_EMPTY_BODY = YES;
				CLANG_WARN_ENUM_CONVERSION = YES;
				CLANG_WARN_INFINITE_RECURSION = YES;
				CLANG_WARN_INT_CONVERSION = YES;
				CLANG_WARN_OBJC_ROOT_CLASS = YES_ERROR;
				CLANG_WARN_SUSPICIOUS_MOVES = YES;
				CLANG_WARN_UNREACHABLE_CODE = YES;
				CLANG_WARN__DUPLICATE_METHOD_MATCH = YES;
				"CODE_SIGN_IDENTITY[sdk=iphoneos*]" = "iPhone Developer";
				COPY_PHASE_STRIP = NO;
				DEBUG_INFORMATION_FORMAT = "dwarf-with-dsym";
				ENABLE_NS_ASSERTIONS = NO;
				ENABLE_STRICT_OBJC_MSGSEND = YES;
				GCC_C_LANGUAGE_STANDARD = gnu99;
				GCC_NO_COMMON_BLOCKS = YES;
				GCC_WARN_64_TO_32_BIT_CONVERSION = YES;
				GCC_WARN_ABOUT_RETURN_TYPE = YES_ERROR;
				GCC_WARN_UNDECLARED_SELECTOR = YES;
				GCC_WARN_UNINITIALIZED_AUTOS = YES_AGGRESSIVE;
				GCC_WARN_UNUSED_FUNCTION = YES;
				GCC_WARN_UNUSED_VARIABLE = YES;
				IPHONEOS_DEPLOYMENT_TARGET = 8.0;
				MTL_ENABLE_DEBUG_INFO = NO;
				SDKROOT = iphoneos;
				SWIFT_OPTIMIZATION_LEVEL = "-Owholemodule";
				VALIDATE_PRODUCT = YES;
			};
			name = Release;
		};
		18F987551DE41E500043EDD8 /* Debug */ = {
			isa = XCBuildConfiguration;
			baseConfigurationReference = 55F46CFF9AC325180EF820C8 /* Pods-ZJBTestOne.debug.xcconfig */;
			buildSettings = {
				ASSETCATALOG_COMPILER_APPICON_NAME = AppIcon;
				INFOPLIST_FILE = ZJBTestOne/Info.plist;
				IPHONEOS_DEPLOYMENT_TARGET = 8.0;
				LD_RUNPATH_SEARCH_PATHS = "$(inherited) @executable_path/Frameworks";
				PRODUCT_BUNDLE_IDENTIFIER = zjb.ZJBTestOne;
				PRODUCT_NAME = "$(TARGET_NAME)";
				SWIFT_VERSION = 3.0;
			};
			name = Debug;
		};
		18F987561DE41E500043EDD8 /* Release */ = {
			isa = XCBuildConfiguration;
			baseConfigurationReference = 6C0C58AFFAE0D6FB2A3D3424 /* Pods-ZJBTestOne.release.xcconfig */;
			buildSettings = {
				ASSETCATALOG_COMPILER_APPICON_NAME = AppIcon;
				INFOPLIST_FILE = ZJBTestOne/Info.plist;
				IPHONEOS_DEPLOYMENT_TARGET = 8.0;
				LD_RUNPATH_SEARCH_PATHS = "$(inherited) @executable_path/Frameworks";
				PRODUCT_BUNDLE_IDENTIFIER = zjb.ZJBTestOne;
				PRODUCT_NAME = "$(TARGET_NAME)";
				SWIFT_VERSION = 3.0;
			};
			name = Release;
		};
/* End XCBuildConfiguration section */

/* Begin XCConfigurationList section */
		18F9873D1DE41E500043EDD8 /* Build configuration list for PBXProject "ZJBTestOne" */ = {
			isa = XCConfigurationList;
			buildConfigurations = (
				18F987521DE41E500043EDD8 /* Debug */,
				18F987531DE41E500043EDD8 /* Release */,
			);
			defaultConfigurationIsVisible = 0;
			defaultConfigurationName = Release;
		};
		18F987541DE41E500043EDD8 /* Build configuration list for PBXNativeTarget "ZJBTestOne" */ = {
			isa = XCConfigurationList;
			buildConfigurations = (
				18F987551DE41E500043EDD8 /* Debug */,
				18F987561DE41E500043EDD8 /* Release */,
			);
			defaultConfigurationIsVisible = 0;
			defaultConfigurationName = Release;
		};
/* End XCConfigurationList section */
	};
	rootObject = 18F9873A1DE41E500043EDD8 /* Project object */;
}
