// !$*UTF8*$!
{
	archiveVersion = 1;
	classes = {
	};
	objectVersion = 46;
	objects = {

/* Begin PBXBuildFile section */
		18F987461DE41E500043EDD8 /* AppDelegate.swift in Sources */ = {isa = PBXBuildFile; fileRef = 18F987451DE41E500043EDD8 /* AppDelegate.swift */; };
		18F987481DE41E500043EDD8 /* ViewController.swift in Sources */ = {isa = PBXBuildFile; fileRef = 18F987471DE41E500043EDD8 /* ViewController.swift */; };
		18F9874D1DE41E500043EDD8 /* Assets.xcassets in Resources */ = {isa = PBXBuildFile; fileRef = 18F9874C1DE41E500043EDD8 /* Assets.xcassets */; };
		18F987501DE41E500043EDD8 /* LaunchScreen.storyboard in Resources */ = {isa = PBXBuildFile; fileRef = 18F9874E1DE41E500043EDD8 /* LaunchScreen.storyboard */; };
		DD48F4DA4DD25F4D99618DC3 /* Pods_ZJBTestOne.framework in Frameworks */ = {isa = PBXBuildFile; fileRef = 9A3B06BDA03F4C9F65C318E9 /* Pods_ZJBTestOne.framework */; };
		F310E3061F0CFA7E00173B3B /* FirstViewController.swift in Sources */ = {isa = PBXBuildFile; fileRef = F310E3051F0CFA7E00173B3B /* FirstViewController.swift */; };
/* End PBXBuildFile section */

/* Begin PBXFileReference section */
		18F987421DE41E500043EDD8 /* ZJBTestOne.app */ = {isa = PBXFileReference; explicitFileType = wrapper.application; includeInIndex = 0; path = ZJBTestOne.app; sourceTree = BUILT_PRODUCTS_DIR; };
		18F987451DE41E500043EDD8 /* AppDelegate.swift */ = {isa = PBXFileReference; lastKnownFileType = sourcecode.swift; path = AppDelegate.swift; sourceTree = "<group>"; };
		18F987471DE41E500043EDD8 /* ViewController.swift */ = {isa = PBXFileReference; lastKnownFileType = sourcecode.swift; path = ViewController.swift; sourceTree = "<group>"; };
		18F9874C1DE41E500043EDD8 /* Assets.xcassets */ = {isa = PBXFileReference; lastKnownFileType = folder.assetcatalog; path = Assets.xcassets; sourceTree = "<group>"; };
		18F9874F1DE41E500043EDD8 /* Base */ = {isa = PBXFileReference; lastKnownFileType = file.storyboard; name = Base; path = Base.lproj/LaunchScreen.storyboard; sourceTree = "<group>"; };
		18F987511DE41E500043EDD8 /* Info.plist */ = {isa = PBXFileReference; lastKnownFileType = text.plist.xml; path = Info.plist; sourceTree = "<group>"; };
		55F46CFF9AC325180EF820C8 /* Pods-ZJBTestOne.debug.xcconfig */ = {isa = PBXFileReference; includeInIndex = 1; lastKnownFileType = text.xcconfig; name = "Pods-ZJBTestOne.debug.xcconfig"; path = "Pods/Target Support Files/Pods-ZJBTestOne/Pods-ZJBTestOne.debug.xcconfig"; sourceTree = "<group>"; };
		6C0C58AFFAE0D6FB2A3D3424 /* Pods-ZJBTestOne.release.xcconfig */ = {isa = PBXFileReference; includeInIndex = 1; lastKnownFileType = text.xcconfig; name = "Pods-ZJBTestOne.release.xcconfig"; path = "Pods/Target Support Files/Pods-ZJBTestOne/Pods-ZJBTestOne.release.xcconfig"; sourceTree = "<group>"; };
		9A3B06BDA03F4C9F65C318E9 /* Pods_ZJBTestOne.framework */ = {isa = PBXFileReference; explicitFileType = wrapper.framework; includeInIndex = 0; path = Pods_ZJBTestOne.framework; sourceTree = BUILT_PRODUCTS_DIR; };
		F310E3051F0CFA7E00173B3B /* FirstViewController.swift */ = {isa = PBXFileReference; fileEncoding = 4; lastKnownFileType = sourcecode.swift; path = FirstViewController.swift; sourceTree = "<group>"; };
/* End PBXFileReference section */

/* Begin PBXFrameworksBuildPhase section */
		18F9873F1DE41E500043EDD8 /* Frameworks */ = {
			isa = PBXFrameworksBuildPhase;
			buildActionMask = 2147483647;
			files = (
				DD48F4DA4DD25F4D99618DC3 /* Pods_ZJBTestOne.framework in Frameworks */,
			);
			runOnlyForDeploymentPostprocessing = 0;
		};
/* End PBXFrameworksBuildPhase section */

/* Begin PBXGroup section */
		18F987391DE41E500043EDD8 = {
			isa = PBXGroup;
			children = (
				18F987441DE41E500043EDD8 /* ZJBTestOne */,
				18F987431DE41E500043EDD8 /* Products */,
				B7C0F84ECBE2594FF8EB8E82 /* Pods */,
				3E5E49D207022A56502A5B74 /* Frameworks */,
			);
			sourceTree = "<group>";
		};
		18F987431DE41E500043EDD8 /* Products */ = {
			isa = PBXGroup;
			children = (
				18F987421DE41E500043EDD8 /* ZJBTestOne.app */,
			);
			name = Products;
			sourceTree = "<group>";
		};
		18F987441DE41E500043EDD8 /* ZJBTestOne */ = {
			isa = PBXGroup;
			children = (
				18F987451DE41E500043EDD8 /* AppDelegate.swift */,
				18F987471DE41E500043EDD8 /* ViewController.swift */,
				F310E3051F0CFA7E00173B3B /* FirstViewController.swift */,
				18F9874C1DE41E500043EDD8 /* Assets.xcassets */,
				18F9874E1DE41E500043EDD8 /* LaunchScreen.storyboard */,
				18F987511DE41E500043EDD8 /* Info.plist */,
			);
			path = ZJBTestOne;
			sourceTree = "<group>";
		};
		3E5E49D207022A56502A5B74 /* Frameworks */ = {
			isa = PBXGroup;
			children = (
				9A3B06BDA03F4C9F65C318E9 /* Pods_ZJBTestOne.framework */,
			);
			name = Frameworks;
			sourceTree = "<group>";
		};
		B7C0F84ECBE2594FF8EB8E82 /* Pods */ = {
			isa = PBXGroup;
			children = (
				55F46CFF9AC325180EF820C8 /* Pods-ZJBTestOne.debug.xcconfig */,
				6C0C58AFFAE0D6FB2A3D3424 /* Pods-ZJBTestOne.release.xcconfig */,
			);
			name = Pods;
			sourceTree = "<group>";
		};
/* End PBXGroup section */

/* Begin PBXNativeTarget section */
		18F987411DE41E500043EDD8 /* ZJBTestOne */ = {
			isa = PBXNativeTarget;
			buildConfigurationList = 18F987541DE41E500043EDD8 /* Build configuration list for PBXNativeTarget "ZJBTestOne" */;
			buildPhases = (
				DFD1164FB60BD7B235BFFB14 /* [CP] Check Pods Manifest.lock */,
				18F9873E1DE41E500043EDD8 /* Sources */,
				18F9873F1DE41E500043EDD8 /* Frameworks */,
				18F987401DE41E500043EDD8 /* Resources */,
				BC38F2772EBAB6F1A14F2809 /* [CP] Embed Pods Frameworks */,
				048EDD5D403EBB11D023AC7D /* [CP] Copy Pods Resources */,
			);
			buildRules = (
			);
			dependencies = (
			);
			name = ZJBTestOne;
			productName = ZJBTestOne;
			productReference = 18F987421DE41E500043EDD8 /* ZJBTestOne.app */;
			productType = "com.apple.product-type.application";
		};
/* End PBXNativeTarget section */

/* Begin PBXProject section */
		18F9873A1DE41E500043EDD8 /* Project object */ = {
			isa = PBXProject;
			attributes = {
				LastSwiftUpdateCheck = 0810;
				LastUpgradeCheck = 0810;
				ORGANIZATIONNAME = zjb;
				TargetAttributes = {
					18F987411DE41E500043EDD8 = {
						CreatedOnToolsVersion = 8.1;
						ProvisioningStyle = Automatic;
					};
				};
			};
			buildConfigurationList = 18F9873D1DE41E500043EDD8 /* Build configuration list for PBXProject "ZJBTestOne" */;
			compatibilityVersion = "Xcode 3.2";
			developmentRegion = English;
			hasScannedForEncodings = 0;
			knownRegions = (
				en,
				Base,
			);
			mainGroup = 18F987391DE41E500043EDD8;
			productRefGroup = 18F987431DE41E500043EDD8 /* Products */;
			projectDirPath = "";
			projectRoot = "";
			targets = (
				18F987411DE41E500043EDD8 /* ZJBTestOne */,
			);
		};
/* End PBXProject section */

/* Begin PBXResourcesBuildPhase section */
		18F987401DE41E500043EDD8 /* Resources */ = {
			isa = PBXResourcesBuildPhase;
			buildActionMask = 2147483647;
			files = (
				18F987501DE41E500043EDD8 /* LaunchScreen.storyboard in Resources */,
				18F9874D1DE41E500043EDD8 /* Assets.xcassets in Resources */,
			);
			runOnlyForDeploymentPostprocessing = 0;
		};
/* End PBXResourcesBuildPhase section */

/* Begin PBXShellScriptBuildPhase section */
		048EDD5D403EBB11D023AC7D /* [CP] Copy Pods Resources */ = {
			isa = PBXShellScriptBuildPhase;
			buildActionMask = 2147483647;
			files = (
			);
			inputPaths = (
			);
			name = "[CP] Copy Pods Resources";
			outputPaths = (
			);
			runOnlyForDeploymentPostprocessing = 0;
			shellPath = /bin/sh;
			shellScript = "\"${SRCROOT}/Pods/Target Support Files/Pods-ZJBTestOne/Pods-ZJBTestOne-resources.sh\"\n";
			showEnvVarsInLog = 0;
		};
		BC38F2772EBAB6F1A14F2809 /* [CP] Embed Pods Frameworks */ = {
			isa = PBXShellScriptBuildPhase;
			buildActionMask = 2147483647;
			files = (
			);
			inputPaths = (
			);
			name = "[CP] Embed Pods Frameworks";
			outputPaths = (
			);
			runOnlyForDeploymentPostprocessing = 0;
			shellPath = /bin/sh;
			shellScript = "\"${SRCROOT}/Pods/Target Support Files/Pods-ZJBTestOne/Pods-ZJBTestOne-frameworks.sh\"\n";
			showEnvVarsInLog = 0;
		};
		DFD1164FB60BD7B235BFFB14 /* [CP] Check Pods Manifest.lock */ = {
			isa = PBXShellScriptBuildPhase;
			buildActionMask = 2147483647;
			files = (
			);
			inputPaths = (
			);
			name = "[CP] Check Pods Manifest.lock";
			outputPaths = (
			);
			runOnlyForDeploymentPostprocessing = 0;
			shellPath = /bin/sh;
			shellScript = "diff \"${PODS_PODFILE_DIR_PATH}/Podfile.lock\" \"${PODS_ROOT}/Manifest.lock\" > /dev/null\nif [ $? != 0 ] ; then\n    # print error to STDERR\n    echo \"error: The sandbox is not in sync with the Podfile.lock. Run 'pod install' or update your CocoaPods installation.\" >&2\n    exit 1\nfi\n";
			showEnvVarsInLog = 0;
		};
/* End PBXShellScriptBuildPhase section */

/* Begin PBXSourcesBuildPhase section */
		18F9873E1DE41E500043EDD8 /* Sources */ = {
			isa = PBXSourcesBuildPhase;
			buildActionMask = 2147483647;
			files = (
				F310E3061F0CFA7E00173B3B /* FirstViewController.swift in Sources */,
				18F987481DE41E500043EDD8 /* ViewController.swift in Sources */,
				18F987461DE41E500043EDD8 /* AppDelegate.swift in Sources */,
			);
			runOnlyForDeploymentPostprocessing = 0;
		};
/* End PBXSourcesBuildPhase section */

/* Begin PBXVariantGroup section */
		18F9874E1DE41E500043EDD8 /* LaunchScreen.storyboard */ = {
			isa = PBXVariantGroup;
			children = (
				18F9874F1DE41E500043EDD8 /* Base */,
			);
			name = LaunchScreen.storyboard;
			sourceTree = "<group>";
		};
/* End PBXVariantGroup section */

/* Begin XCBuildConfiguration section */
		18F987521DE41E500043EDD8 /* Debug */ = {
			isa = XCBuildConfiguration;
			buildSettings = {
				ALWAYS_SEARCH_USER_PATHS = NO;
				CLANG_ANALYZER_NONNULL = YES;
				CLANG_CXX_LANGUAGE_STANDARD = "gnu++0x";
				CLANG_CXX_LIBRARY = "libc++";
				CLANG_ENABLE_MODULES = YES;
				CLANG_ENABLE_OBJC_ARC = YES;
				CLANG_WARN_BOOL_CONVERSION = YES;
				CLANG_WARN_CONSTANT_CONVERSION = YES;
				CLANG_WARN_DIRECT_OBJC_ISA_USAGE = YES_ERROR;
				CLANG_WARN_DOCUMENTATION_COMMENTS = YES;
				CLANG_WARN_EMPTY_BODY = YES;
				CLANG_WARN_ENUM_CONVERSION = YES;
				CLANG_WARN_INFINITE_RECURSION = YES;
				CLANG_WARN_INT_CONVERSION = YES;
				CLANG_WARN_OBJC_ROOT_CLASS = YES_ERROR;
				CLANG_WARN_SUSPICIOUS_MOVES = YES;
				CLANG_WARN_UNREACHABLE_CODE = YES;
				CLANG_WARN__DUPLICATE_METHOD_MATCH = YES;
				"CODE_SIGN_IDENTITY[sdk=iphoneos*]" = "iPhone Developer";
				COPY_PHASE_STRIP = NO;
				DEBUG_INFORMATION_FORMAT = dwarf;
				ENABLE_STRICT_OBJC_MSGSEND = YES;
				ENABLE_TESTABILITY = YES;
				GCC_C_LANGUAGE_STANDARD = gnu99;
				GCC_DYNAMIC_NO_PIC = NO;
				GCC_NO_COMMON_BLOCKS = YES;
				GCC_OPTIMIZATION_LEVEL = 0;
				GCC_PREPROCESSOR_DEFINITIONS = (
					"DEBUG=1",
					"$(inherited)",
				);
				GCC_WARN_64_TO_32_BIT_CONVERSION = YES;
				GCC_WARN_ABOUT_RETURN_TYPE = YES_ERROR;
				GCC_WARN_UNDECLARED_SELECTOR = YES;
				GCC_WARN_UNINITIALIZED_AUTOS = YES_AGGRESSIVE;
				GCC_WARN_UNUSED_FUNCTION = YES;
				GCC_WARN_UNUSED_VARIABLE = YES;
				IPHONEOS_DEPLOYMENT_TARGET = 8.0;
				MTL_ENABLE_DEBUG_INFO = YES;
				ONLY_ACTIVE_ARCH = YES;
				SDKROOT = iphoneos;
				SWIFT_ACTIVE_COMPILATION_CONDITIONS = DEBUG;
				SWIFT_OPTIMIZATION_LEVEL = "-Onone";
			};
			name = Debug;
		};
		18F987531DE41E500043EDD8 /* Release */ = {
			isa = XCBuildConfiguration;
			buildSettings = {
				ALWAYS_SEARCH_USER_PATHS = NO;
				CLANG_ANALYZER_NONNULL = YES;
				CLANG_CXX_LANGUAGE_STANDARD = "gnu++0x";
				CLANG_CXX_LIBRARY = "libc++";
				CLANG_ENABLE_MODULES = YES;
				CLANG_ENABLE_OBJC_ARC = YES;
				CLANG_WARN_BOOL_CONVERSION = YES;
				CLANG_WARN_CONSTANT_CONVERSION = YES;
				CLANG_WARN_DIRECT_OBJC_ISA_USAGE = YES_ERROR;
				CLANG_WARN_DOCUMENTATION_COMMENTS = YES;
				CLANG_WARN_EMPTY_BODY = YES;
				CLANG_WARN_ENUM_CONVERSION = YES;
				CLANG_WARN_INFINITE_RECURSION = YES;
				CLANG_WARN_INT_CONVERSION = YES;
				CLANG_WARN_OBJC_ROOT_CLASS = YES_ERROR;
				CLANG_WARN_SUSPICIOUS_MOVES = YES;
				CLANG_WARN_UNREACHABLE_CODE = YES;
				CLANG_WARN__DUPLICATE_METHOD_MATCH = YES;
				"CODE_SIGN_IDENTITY[sdk=iphoneos*]" = "iPhone Developer";
				COPY_PHASE_STRIP = NO;
				DEBUG_INFORMATION_FORMAT = "dwarf-with-dsym";
				ENABLE_NS_ASSERTIONS = NO;
				ENABLE_STRICT_OBJC_MSGSEND = YES;
				GCC_C_LANGUAGE_STANDARD = gnu99;
				GCC_NO_COMMON_BLOCKS = YES;
				GCC_WARN_64_TO_32_BIT_CONVERSION = YES;
				GCC_WARN_ABOUT_RETURN_TYPE = YES_ERROR;
				GCC_WARN_UNDECLARED_SELECTOR = YES;
				GCC_WARN_UNINITIALIZED_AUTOS = YES_AGGRESSIVE;
				GCC_WARN_UNUSED_FUNCTION = YES;
				GCC_WARN_UNUSED_VARIABLE = YES;
				IPHONEOS_DEPLOYMENT_TARGET = 8.0;
				MTL_ENABLE_DEBUG_INFO = NO;
				SDKROOT = iphoneos;
				SWIFT_OPTIMIZATION_LEVEL = "-Owholemodule";
				VALIDATE_PRODUCT = YES;
			};
			name = Release;
		};
		18F987551DE41E500043EDD8 /* Debug */ = {
			isa = XCBuildConfiguration;
			baseConfigurationReference = 55F46CFF9AC325180EF820C8 /* Pods-ZJBTestOne.debug.xcconfig */;
			buildSettings = {
				ASSETCATALOG_COMPILER_APPICON_NAME = AppIcon;
				INFOPLIST_FILE = ZJBTestOne/Info.plist;
				IPHONEOS_DEPLOYMENT_TARGET = 8.0;
				LD_RUNPATH_SEARCH_PATHS = "$(inherited) @executable_path/Frameworks";
				PRODUCT_BUNDLE_IDENTIFIER = zjb.ZJBTestOne;
				PRODUCT_NAME = "$(TARGET_NAME)";
				SWIFT_VERSION = 3.0;
			};
			name = Debug;
		};
		18F987561DE41E500043EDD8 /* Release */ = {
			isa = XCBuildConfiguration;
			baseConfigurationReference = 6C0C58AFFAE0D6FB2A3D3424 /* Pods-ZJBTestOne.release.xcconfig */;
			buildSettings = {
				ASSETCATALOG_COMPILER_APPICON_NAME = AppIcon;
				INFOPLIST_FILE = ZJBTestOne/Info.plist;
				IPHONEOS_DEPLOYMENT_TARGET = 8.0;
				LD_RUNPATH_SEARCH_PATHS = "$(inherited) @executable_path/Frameworks";
				PRODUCT_BUNDLE_IDENTIFIER = zjb.ZJBTestOne;
				PRODUCT_NAME = "$(TARGET_NAME)";
				SWIFT_VERSION = 3.0;
			};
			name = Release;
		};
/* End XCBuildConfiguration section */

/* Begin XCConfigurationList section */
		18F9873D1DE41E500043EDD8 /* Build configuration list for PBXProject "ZJBTestOne" */ = {
			isa = XCConfigurationList;
			buildConfigurations = (
				18F987521DE41E500043EDD8 /* Debug */,
				18F987531DE41E500043EDD8 /* Release */,
			);
			defaultConfigurationIsVisible = 0;
			defaultConfigurationName = Release;
		};
		18F987541DE41E500043EDD8 /* Build configuration list for PBXNativeTarget "ZJBTestOne" */ = {
			isa = XCConfigurationList;
			buildConfigurations = (
				18F987551DE41E500043EDD8 /* Debug */,
				18F987561DE41E500043EDD8 /* Release */,
			);
			defaultConfigurationIsVisible = 0;
			defaultConfigurationName = Release;
		};
/* End XCConfigurationList section */
	};
	rootObject = 18F9873A1DE41E500043EDD8 /* Project object */;
}
